{
  "name": "util_scripts",
  "version": "1.0.0",
  "lockfileVersion": 1,
  "requires": true,
  "dependencies": {
    "@sanity/block-tools": {
      "version": "0.147.6",
      "resolved": "https://registry.npmjs.org/@sanity/block-tools/-/block-tools-0.147.6.tgz",
      "integrity": "sha512-MUnzCidYoJTG8I6H8nRCaO4A/znPzzRYxxpTVdqOBVP1Lca1sBUgu2NxI6H9Xl0HxJMd/WnaApBJJai2i4tUSA==",
      "requires": {
        "get-random-values": "^1.2.0",
        "lodash": "^4.17.15"
      }
    },
    "@sanity/generate-help-url": {
      "version": "0.147.0",
      "resolved": "https://registry.npmjs.org/@sanity/generate-help-url/-/generate-help-url-0.147.0.tgz",
      "integrity": "sha512-jf0PWK7dpSSJUI0zJdh+PFUODmsP5dS6P9iYv/ufhyYzmD+2iV7YCpA6weNhsmNGnil2+CTj6Eg43tSKxiClRA=="
    },
    "@sanity/schema": {
      "version": "0.147.6",
      "resolved": "https://registry.npmjs.org/@sanity/schema/-/schema-0.147.6.tgz",
      "integrity": "sha512-2kbPu1Rsvy40PcsCxR1pI75konsLpMf4zCLTorw2Fih3q4tOoBv+Ady8jxiPCWsaD6w9qP1WHZMHasK1V4q0dw==",
      "requires": {
        "@sanity/generate-help-url": "0.147.0",
        "arrify": "^1.0.1",
        "humanize-list": "^1.0.1",
        "json-reduce": "^1.0.0",
        "leven": "^2.1.0",
        "lodash": "^4.17.15",
        "object-inspect": "^1.6.0"
      }
    },
    "arrify": {
      "version": "1.0.1",
      "resolved": "https://registry.npmjs.org/arrify/-/arrify-1.0.1.tgz",
      "integrity": "sha1-iYUI2iIm84DfkEcoRWhJwVAaSw0="
    },
    "dom-walk": {
      "version": "0.1.1",
      "resolved": "https://registry.npmjs.org/dom-walk/-/dom-walk-0.1.1.tgz",
      "integrity": "sha1-ZyIm3HTI95mtNTB9+TaroRrNYBg="
    },
    "get-random-values": {
      "version": "1.2.0",
      "resolved": "https://registry.npmjs.org/get-random-values/-/get-random-values-1.2.0.tgz",
      "integrity": "sha1-MpIO3oG+2YJl/0A3HPSSmb1YHvE=",
      "requires": {
        "global": "^4.2.1"
      }
    },
    "global": {
      "version": "4.4.0",
      "resolved": "https://registry.npmjs.org/global/-/global-4.4.0.tgz",
      "integrity": "sha512-wv/LAoHdRE3BeTGz53FAamhGlPLhlssK45usmGFThIi4XqnBmjKQ16u+RNbP7WvigRZDxUsM0J3gcQ5yicaL0w==",
      "requires": {
        "min-document": "^2.19.0",
        "process": "^0.11.10"
      }
    },
    "humanize-list": {
      "version": "1.0.1",
      "resolved": "https://registry.npmjs.org/humanize-list/-/humanize-list-1.0.1.tgz",
      "integrity": "sha1-5+cZxgpdWEjo4KXtXwqIVJbCOf0="
    },
    "json-reduce": {
      "version": "1.0.0",
      "resolved": "https://registry.npmjs.org/json-reduce/-/json-reduce-1.0.0.tgz",
      "integrity": "sha512-UYqT1LHC3asUt1hiSjz+ikPUHq6SWHBQHrRvRblD6RTQisgw9nKEOa79OYgJXDIHb9Z92EyIno4DslNWwSm1hQ=="
    },
    "leven": {
      "version": "2.1.0",
      "resolved": "https://registry.npmjs.org/leven/-/leven-2.1.0.tgz",
      "integrity": "sha1-wuep93IJTe6dNCAq6KzORoeHVYA="
    },
    "line-reader": {
      "version": "0.4.0",
      "resolved": "https://registry.npmjs.org/line-reader/-/line-reader-0.4.0.tgz",
      "integrity": "sha1-F+RIGNoKwzVnW6MAlU+U72cOZv0="
    },
    "lodash": {
      "version": "4.17.19",
      "resolved": "https://registry.npmjs.org/lodash/-/lodash-4.17.19.tgz",
      "integrity": "sha512-JNvd8XER9GQX0v2qJgsaN/mzFCNA5BRe/j8JN9d+tWyGLSodKQHKFicdwNYzWwI3wjRnaKPsGj1XkBjx/F96DQ=="
    },
    "min-document": {
      "version": "2.19.0",
      "resolved": "https://registry.npmjs.org/min-document/-/min-document-2.19.0.tgz",
      "integrity": "sha1-e9KC4/WELtKVu3SM3Z8f+iyCRoU=",
      "requires": {
        "dom-walk": "^0.1.0"
      }
    },
    "object-inspect": {
      "version": "1.7.0",
      "resolved": "https://registry.npmjs.org/object-inspect/-/object-inspect-1.7.0.tgz",
      "integrity": "sha512-a7pEHdh1xKIAgTySUGgLMx/xwDZskN1Ud6egYYN3EdRW4ZMPNEDUTF+hwy2LUC+Bl+SyLXANnwz/jyh/qutKUw=="
    },
    "process": {
      "version": "0.11.10",
      "resolved": "https://registry.npmjs.org/process/-/process-0.11.10.tgz",
      "integrity": "sha1-czIwDoQBYb2j5podHZGn1LwW8YI="
    }
  }
}
